# THIS IS AN AUTOGENERATED FILE. DO NOT EDIT THIS FILE DIRECTLY.
# yarn lockfile v1


"@react-navigation/core@^6.4.4":
  version "6.4.4"
  resolved "https://registry.npmjs.org/@react-navigation/core/-/core-6.4.4.tgz"
  integrity sha512-skdTzr6sOceEusEDG+e58zaSpgy1Yz7eZGFtmkmdYAFkZDy5nkIY/0nYuXP0waUYarNXg6lNEVkF995/kZXHZg==
  dependencies:
    "@react-navigation/routers" "^6.1.5"
    escape-string-regexp "^4.0.0"
    nanoid "^3.1.23"
    query-string "^7.1.3"
    react-is "^16.13.0"
    use-latest-callback "^0.1.5"

"@react-navigation/native@^6.0.14":
  version "6.1.0"
  resolved "https://registry.npmjs.org/@react-navigation/native/-/native-6.1.0.tgz"
  integrity sha512-CdjOmbE4c/UczczqeP7ZrFXJcjnXOCwY1PDNjX51Ph1b2tHXpQ41/089k3R49dc5i2sFLk6jKaryFU2dcLr8jw==
  dependencies:
    "@react-navigation/core" "^6.4.4"
    escape-string-regexp "^4.0.0"
    fast-deep-equal "^3.1.3"
    nanoid "^3.1.23"

"@react-navigation/routers@^6.1.5":
  version "6.1.5"
  resolved "https://registry.npmjs.org/@react-navigation/routers/-/routers-6.1.5.tgz"
  integrity sha512-JzMRiRRu8J0yUMC7BV8wOVzevjkHnIPONbpCTL/vH5yceTm+dSH/U3esIObgk8wYYbov+jYlVhwUQNGRb2to6g==
  dependencies:
    nanoid "^3.1.23"

classnames@^2.2.6:
  version "2.3.2"
  resolved "https://registry.npmjs.org/classnames/-/classnames-2.3.2.tgz"
  integrity sha512-CSbhY4cFEJRe6/GQzIk5qXZ4Jeg5pcsP7b5peFSDpffpe1cqjASH/n9UTjBwOp6XpMSTwQ8Za2K5V02ueA7Tmw==

create-react-class@^15.5.2:
  version "15.7.0"
  resolved "https://registry.npmjs.org/create-react-class/-/create-react-class-15.7.0.tgz"
  integrity sha512-QZv4sFWG9S5RUvkTYWbflxeZX+JG7Cz0Tn33rQBJ+WFQTqTfUTjMjiv9tnfXazjsO5r0KhPs+AqCjyrQX6h2ng==
  dependencies:
    loose-envify "^1.3.1"
    object-assign "^4.1.1"

decode-uri-component@^0.2.2:
  version "0.2.2"
  resolved "https://registry.npmjs.org/decode-uri-component/-/decode-uri-component-0.2.2.tgz"
  integrity sha512-FqUYQ+8o158GyGTrMFJms9qh3CqTKvAqgqsTnkLI8sKu0028orqBhxNMFkFen0zGyg6epACD32pjVk58ngIErQ==

"drag-drop-touch-polyfill@git+https://github.com/Revln9/drag-drop-touch-polyfill-ES5-compiled.git":
  version "1.0.0"
  resolved "git+ssh://git@github.com/Revln9/drag-drop-touch-polyfill-ES5-compiled.git#9149472c1256683d86b388043fe8fd44a834d825"

escape-string-regexp@^4.0.0:
  version "4.0.0"
  resolved "https://registry.npmjs.org/escape-string-regexp/-/escape-string-regexp-4.0.0.tgz"
  integrity sha512-TtpcNJ3XAzx3Gq8sWRzJaVajRs0uVxA2YAkdb1jm2YkPz4G6egUFAyA3n5vtEIZefPk5Wa4UXbKuS5fKkJWdgA==

fast-deep-equal@^3.1.3:
  version "3.1.3"
  resolved "https://registry.npmjs.org/fast-deep-equal/-/fast-deep-equal-3.1.3.tgz"
  integrity sha512-f3qQ9oQy9j2AhBe/H9VC91wLmKBCCU/gDOnKNAYG5hswO7BLKj09Hc5HYNz9cGI++xlpDCIgDaitVs03ATR84Q==

filter-obj@^1.1.0:
  version "1.1.0"
  resolved "https://registry.npmjs.org/filter-obj/-/filter-obj-1.1.0.tgz"
  integrity sha512-8rXg1ZnX7xzy2NGDVkBVaAy+lSlPNwad13BtgSlLuxfIslyt5Vg64U7tFcCt4WS1R0hvtnQybT/IyCkGZ3DpXQ==

"js-tokens@^3.0.0 || ^4.0.0":
  version "4.0.0"
  resolved "https://registry.npmjs.org/js-tokens/-/js-tokens-4.0.0.tgz"
  integrity sha512-RdJUflcE3cUzKiMqQgsCu06FPu9UdIJO0beYbPhHN4k6apgJtifcoCtT9bcxOpYBtpD2kCM6Sbzg4CausW/PKQ==

loose-envify@^1.3.1, loose-envify@^1.4.0:
  version "1.4.0"
  resolved "https://registry.npmjs.org/loose-envify/-/loose-envify-1.4.0.tgz"
  integrity sha512-lyuxPGr/Wfhrlem2CL/UcnUc1zcqKAImBDzukY7Y5F/yQiNdko6+fRLevlw1HgMySw7f611UIY408EtxRSoK3Q==
  dependencies:
    js-tokens "^3.0.0 || ^4.0.0"

nanoid@^3.1.23:
  version "3.3.4"
  resolved "https://registry.npmjs.org/nanoid/-/nanoid-3.3.4.tgz"
  integrity sha512-MqBkQh/OHTS2egovRtLk45wEyNXwF+cokD+1YPf9u5VfJiRdAiRwB2froX5Co9Rh20xs4siNPm8naNotSD6RBw==

object-assign@^3.0.0:
  version "3.0.0"
  resolved "https://registry.npmjs.org/object-assign/-/object-assign-3.0.0.tgz"
  integrity sha512-jHP15vXVGeVh1HuaA2wY6lxk+whK/x4KBG88VXeRma7CCun7iGD5qPc4eYykQ9sdQvg8jkwFKsSxHln2ybW3xQ==

object-assign@^4.1.1:
  version "4.1.1"
  resolved "https://registry.npmjs.org/object-assign/-/object-assign-4.1.1.tgz"
  integrity sha512-rJgTQnkUnH1sFw8yT6VSU3zD3sWmu6sZhIseY8VX+GRu3P6F7Fu+JNDoXfklElbLJSnc3FUQHVe4cU5hj+BcUg==

prop-types@^15.5.7, prop-types@^15.6.2:
  version "15.8.1"
  resolved "https://registry.npmjs.org/prop-types/-/prop-types-15.8.1.tgz"
  integrity sha512-oj87CgZICdulUohogVAR7AjlC0327U4el4L6eAvOqCeudMDVU0NThNaV+b9Df4dXgSP1gXMTnPdhfe/2qDH5cg==
  dependencies:
    loose-envify "^1.4.0"
    object-assign "^4.1.1"
    react-is "^16.13.1"

query-string@^7.1.3:
  version "7.1.3"
  resolved "https://registry.npmjs.org/query-string/-/query-string-7.1.3.tgz"
  integrity sha512-hh2WYhq4fi8+b+/2Kg9CEge4fDPvHS534aOOvOZeQ3+Vf2mCFsaFBYj0i+iXcAq6I9Vzp5fjMFBlONvayDC1qg==
  dependencies:
    decode-uri-component "^0.2.2"
    filter-obj "^1.1.0"
    split-on-first "^1.0.0"
    strict-uri-encode "^2.0.0"

react-agenda@^0.0.8:
  version "0.0.8"
  resolved "https://registry.npmjs.org/react-agenda/-/react-agenda-0.0.8.tgz"
  integrity sha512-04QjUUh2XOzroQU/RN4rUlXZLmJa14L6JBrcdOcYGMqQUZKytbe2JwZONQjx31IkmZt4aQHgc9KgqbSm8Kq37A==
  dependencies:
    classnames "^2.2.6"
    drag-drop-touch-polyfill "https://github.com/Revln9/drag-drop-touch-polyfill-ES5-compiled.git"
    prop-types "^15.6.2"
    react-datetime "^2.16.3"

react-datetime@^2.16.3:
  version "2.16.3"
  resolved "https://registry.npmjs.org/react-datetime/-/react-datetime-2.16.3.tgz"
  integrity sha512-amWfb5iGEiyqjLmqCLlPpu2oN415jK8wX1qoTq7qn6EYiU7qQgbNHglww014PT4O/3G5eo/3kbJu/M/IxxTyGw==
  dependencies:
    create-react-class "^15.5.2"
    object-assign "^3.0.0"
    prop-types "^15.5.7"
    react-onclickoutside "^6.5.0"

react-freeze@^1.0.0:
  version "1.0.3"
  resolved "https://registry.npmjs.org/react-freeze/-/react-freeze-1.0.3.tgz"
  integrity sha512-ZnXwLQnGzrDpHBHiC56TXFXvmolPeMjTn1UOm610M4EXGzbEDR7oOIyS2ZiItgbs6eZc4oU/a0hpk8PrcKvv5g==

react-is@^16.13.0, react-is@^16.13.1:
  version "16.13.1"
  resolved "https://registry.npmjs.org/react-is/-/react-is-16.13.1.tgz"
  integrity sha512-24e6ynE2H+OKt4kqsOvNd8kBpV65zoxbA4BVsEOB3ARVWQki/DHzaUoC5KuON/BiccDaCCTZBuOcfZs70kR8bQ==

react-native-safe-area-context@^4.4.1:
  version "4.4.1"
  resolved "https://registry.npmjs.org/react-native-safe-area-context/-/react-native-safe-area-context-4.4.1.tgz"
  integrity sha512-N9XTjiuD73ZpVlejHrUWIFZc+6Z14co1K/p1IFMkImU7+avD69F3y+lhkqA2hN/+vljdZrBSiOwXPkuo43nFQA==

react-native-screens@^3.18.2:
  version "3.18.2"
  resolved "https://registry.npmjs.org/react-native-screens/-/react-native-screens-3.18.2.tgz"
  integrity sha512-ANUEuvMUlsYJ1QKukEhzhfrvOUO9BVH9Nzg+6eWxpn3cfD/O83yPBOF8Mx6x5H/2+sMy+VS5x/chWOOo/U7QJw==
  dependencies:
    react-freeze "^1.0.0"
    warn-once "^0.1.0"

react-onclickoutside@^6.5.0:
  version "6.12.2"
  resolved "https://registry.npmjs.org/react-onclickoutside/-/react-onclickoutside-6.12.2.tgz"
  integrity sha512-NMXGa223OnsrGVp5dJHkuKxQ4czdLmXSp5jSV9OqiCky9LOpPATn3vLldc+q5fK3gKbEHvr7J1u0yhBh/xYkpA==

split-on-first@^1.0.0:
  version "1.1.0"
  resolved "https://registry.npmjs.org/split-on-first/-/split-on-first-1.1.0.tgz"
  integrity sha512-43ZssAJaMusuKWL8sKUBQXHWOpq8d6CfN/u1p4gUzfJkM05C8rxTmYrkIPTXapZpORA6LkkzcUulJ8FqA7Uudw==

strict-uri-encode@^2.0.0:
  version "2.0.0"
  resolved "https://registry.npmjs.org/strict-uri-encode/-/strict-uri-encode-2.0.0.tgz"
  integrity sha512-QwiXZgpRcKkhTj2Scnn++4PKtWsH0kpzZ62L2R6c/LUVYv7hVnZqcg2+sMuT6R7Jusu1vviK/MFsu6kNJfWlEQ==

use-latest-callback@^0.1.5:
  version "0.1.5"
  resolved "https://registry.npmjs.org/use-latest-callback/-/use-latest-callback-0.1.5.tgz"
  integrity sha512-HtHatS2U4/h32NlkhupDsPlrbiD27gSH5swBdtXbCAlc6pfOFzaj0FehW/FO12rx8j2Vy4/lJScCiJyM01E+bQ==

warn-once@^0.1.0:
  version "0.1.1"
  resolved "https://registry.npmjs.org/warn-once/-/warn-once-0.1.1.tgz"
  integrity sha512-VkQZJbO8zVImzYFteBXvBOZEl1qL175WH8VmZcxF2fZAoudNhNDvHi+doCaAEdU2l2vtcIwa2zn0QK5+I1HQ3Q==
