# THIS IS AN AUTOGENERATED FILE. DO NOT EDIT THIS FILE DIRECTLY.
# yarn lockfile v1


"@react-navigation/core@^6.4.6":
  version "6.4.6"
  resolved "https://registry.yarnpkg.com/@react-navigation/core/-/core-6.4.6.tgz#b0738667dec5927b01c4c496c2f4c73ef8a5e4dd"
  integrity sha512-6zaAgUT5k4vhJlddUk2l52RZyMkMelHdrRv1cL57ALi2RZzERdgmbiMKhJerxFLn9S8E3PUe8vwxHzjHOZKG4w==
  dependencies:
    "@react-navigation/routers" "^6.1.6"
    escape-string-regexp "^4.0.0"
    nanoid "^3.1.23"
    query-string "^7.1.3"
    react-is "^16.13.0"
    use-latest-callback "^0.1.5"

"@react-navigation/native@^6.0.14":
  version "6.1.2"
  resolved "https://registry.yarnpkg.com/@react-navigation/native/-/native-6.1.2.tgz#6fffbf4787c233687fff8fe9ce7364ffce696d38"
  integrity sha512-qLUe0asHofr5EhxKjvUBJ9DrPPmR4535IEwmW3oU4DRb3cLbNysjajJKHL8kcYtqPvn9Bx9QZG2x0PMb2vN23A==
  dependencies:
    "@react-navigation/core" "^6.4.6"
    escape-string-regexp "^4.0.0"
    fast-deep-equal "^3.1.3"
    nanoid "^3.1.23"

"@react-navigation/routers@^6.1.6":
  version "6.1.6"
  resolved "https://registry.yarnpkg.com/@react-navigation/routers/-/routers-6.1.6.tgz#f57f2a73855d329255aa225fdad75ae8e7700c6d"
  integrity sha512-Z5DeCW3pUvMafbU9Cjy1qJYC2Bvl8iy3+PfsB0DsAwQ6zZ3WAXW5FTMX4Gb9H+Jg6qHWGbMFFwlYpS3UJ3tlVQ==
  dependencies:
    nanoid "^3.1.23"

decode-uri-component@^0.2.2:
  version "0.2.2"
  resolved "https://registry.yarnpkg.com/decode-uri-component/-/decode-uri-component-0.2.2.tgz#e69dbe25d37941171dd540e024c444cd5188e1e9"
  integrity sha512-FqUYQ+8o158GyGTrMFJms9qh3CqTKvAqgqsTnkLI8sKu0028orqBhxNMFkFen0zGyg6epACD32pjVk58ngIErQ==

escape-string-regexp@^4.0.0:
  version "4.0.0"
  resolved "https://registry.yarnpkg.com/escape-string-regexp/-/escape-string-regexp-4.0.0.tgz#14ba83a5d373e3d311e5afca29cf5bfad965bf34"
  integrity sha512-TtpcNJ3XAzx3Gq8sWRzJaVajRs0uVxA2YAkdb1jm2YkPz4G6egUFAyA3n5vtEIZefPk5Wa4UXbKuS5fKkJWdgA==

fast-deep-equal@^3.1.3:
  version "3.1.3"
  resolved "https://registry.yarnpkg.com/fast-deep-equal/-/fast-deep-equal-3.1.3.tgz#3a7d56b559d6cbc3eb512325244e619a65c6c525"
  integrity sha512-f3qQ9oQy9j2AhBe/H9VC91wLmKBCCU/gDOnKNAYG5hswO7BLKj09Hc5HYNz9cGI++xlpDCIgDaitVs03ATR84Q==

filter-obj@^1.1.0:
  version "1.1.0"
  resolved "https://registry.yarnpkg.com/filter-obj/-/filter-obj-1.1.0.tgz#9b311112bc6c6127a16e016c6c5d7f19e0805c5b"
  integrity sha512-8rXg1ZnX7xzy2NGDVkBVaAy+lSlPNwad13BtgSlLuxfIslyt5Vg64U7tFcCt4WS1R0hvtnQybT/IyCkGZ3DpXQ==

nanoid@^3.1.23:
  version "3.3.4"
  resolved "https://registry.yarnpkg.com/nanoid/-/nanoid-3.3.4.tgz#730b67e3cd09e2deacf03c027c81c9d9dbc5e8ab"
  integrity sha512-MqBkQh/OHTS2egovRtLk45wEyNXwF+cokD+1YPf9u5VfJiRdAiRwB2froX5Co9Rh20xs4siNPm8naNotSD6RBw==

query-string@^7.1.3:
  version "7.1.3"
  resolved "https://registry.yarnpkg.com/query-string/-/query-string-7.1.3.tgz#a1cf90e994abb113a325804a972d98276fe02328"
  integrity sha512-hh2WYhq4fi8+b+/2Kg9CEge4fDPvHS534aOOvOZeQ3+Vf2mCFsaFBYj0i+iXcAq6I9Vzp5fjMFBlONvayDC1qg==
  dependencies:
    decode-uri-component "^0.2.2"
    filter-obj "^1.1.0"
    split-on-first "^1.0.0"
    strict-uri-encode "^2.0.0"

react-freeze@^1.0.0:
  version "1.0.3"
  resolved "https://registry.yarnpkg.com/react-freeze/-/react-freeze-1.0.3.tgz#5e3ca90e682fed1d73a7cb50c2c7402b3e85618d"
  integrity sha512-ZnXwLQnGzrDpHBHiC56TXFXvmolPeMjTn1UOm610M4EXGzbEDR7oOIyS2ZiItgbs6eZc4oU/a0hpk8PrcKvv5g==

react-is@^16.13.0:
  version "16.13.1"
  resolved "https://registry.yarnpkg.com/react-is/-/react-is-16.13.1.tgz#789729a4dc36de2999dc156dd6c1d9c18cea56a4"
  integrity sha512-24e6ynE2H+OKt4kqsOvNd8kBpV65zoxbA4BVsEOB3ARVWQki/DHzaUoC5KuON/BiccDaCCTZBuOcfZs70kR8bQ==

react-native-safe-area-context@^4.4.1:
  version "4.5.0"
  resolved "https://registry.yarnpkg.com/react-native-safe-area-context/-/react-native-safe-area-context-4.5.0.tgz#9208313236e8f49e1920ac1e2a2c975f03aed284"
  integrity sha512-0WORnk9SkREGUg2V7jHZbuN5x4vcxj/1B0QOcXJjdYWrzZHgLcUzYWWIUecUPJh747Mwjt/42RZDOaFn3L8kPQ==

react-native-screens@^3.18.2:
  version "3.19.0"
  resolved "https://registry.yarnpkg.com/react-native-screens/-/react-native-screens-3.19.0.tgz#ec68685e04b074ebce4641b3a0ae7e2571629b75"
  integrity sha512-Ehsmy7jr3H3j5pmN+/FqsAaIAD+k+xkcdePfLcg4rYRbN5X7fJPgaqhcmiCcZ0YxsU8ttsstP9IvRLNQuIkRRA==
  dependencies:
    react-freeze "^1.0.0"
    warn-once "^0.1.0"

split-on-first@^1.0.0:
  version "1.1.0"
  resolved "https://registry.yarnpkg.com/split-on-first/-/split-on-first-1.1.0.tgz#f610afeee3b12bce1d0c30425e76398b78249a5f"
  integrity sha512-43ZssAJaMusuKWL8sKUBQXHWOpq8d6CfN/u1p4gUzfJkM05C8rxTmYrkIPTXapZpORA6LkkzcUulJ8FqA7Uudw==

strict-uri-encode@^2.0.0:
  version "2.0.0"
  resolved "https://registry.yarnpkg.com/strict-uri-encode/-/strict-uri-encode-2.0.0.tgz#b9c7330c7042862f6b142dc274bbcc5866ce3546"
  integrity sha512-QwiXZgpRcKkhTj2Scnn++4PKtWsH0kpzZ62L2R6c/LUVYv7hVnZqcg2+sMuT6R7Jusu1vviK/MFsu6kNJfWlEQ==

use-latest-callback@^0.1.5:
  version "0.1.5"
  resolved "https://registry.yarnpkg.com/use-latest-callback/-/use-latest-callback-0.1.5.tgz#a4a836c08fa72f6608730b5b8f4bbd9c57c04f51"
  integrity sha512-HtHatS2U4/h32NlkhupDsPlrbiD27gSH5swBdtXbCAlc6pfOFzaj0FehW/FO12rx8j2Vy4/lJScCiJyM01E+bQ==

warn-once@^0.1.0:
  version "0.1.1"
  resolved "https://registry.yarnpkg.com/warn-once/-/warn-once-0.1.1.tgz#952088f4fb56896e73fd4e6a3767272a3fccce43"
  integrity sha512-VkQZJbO8zVImzYFteBXvBOZEl1qL175WH8VmZcxF2fZAoudNhNDvHi+doCaAEdU2l2vtcIwa2zn0QK5+I1HQ3Q==
